
Microsoft Visual Studio Solution File, Format Version 12.00
Project("{FAE04EC0-301F-11D3-BF4B-00C04F79EFBC}") = "Microservices.NetCore.Nancy.HelloWorld", "Microservices.NetCore.Nancy.HelloWorld\Microservices.NetCore.Nancy.HelloWorld.csproj", "{6B82CFE3-1536-431B-8245-BADF8415F872}"
EndProject
Project("{FAE04EC0-301F-11D3-BF4B-00C04F79EFBC}") = "Microservices.NetCore.AspNetCore.HelloWorld", "Microservices.NetCore.AspNetCore.HelloWorld\Microservices.NetCore.AspNetCore.HelloWorld.csproj", "{6D49AD24-220E-47B4-88CC-93A40C2888D5}"
EndProject
Global
	GlobalSection(SolutionConfigurationPlatforms) = preSolution
		Debug|Any CPU = Debug|Any CPU
		Release|Any CPU = Release|Any CPU
	EndGlobalSection
	GlobalSection(ProjectConfigurationPlatforms) = postSolution
		{6B82CFE3-1536-431B-8245-BADF8415F872}.Debug|Any CPU.ActiveCfg = Debug|Any CPU
		{6B82CFE3-1536-431B-8245-BADF8415F872}.Debug|Any CPU.Build.0 = Debug|Any CPU
		{6B82CFE3-1536-431B-8245-BADF8415F872}.Release|Any CPU.ActiveCfg = Release|Any CPU
		{6B82CFE3-1536-431B-8245-BADF8415F872}.Release|Any CPU.Build.0 = Release|Any CPU
		{6D49AD24-220E-47B4-88CC-93A40C2888D5}.Debug|Any CPU.ActiveCfg = Debug|Any CPU
		{6D49AD24-220E-47B4-88CC-93A40C2888D5}.Debug|Any CPU.Build.0 = Debug|Any CPU
		{6D49AD24-220E-47B4-88CC-93A40C2888D5}.Release|Any CPU.ActiveCfg = Release|Any CPU
		{6D49AD24-220E-47B4-88CC-93A40C2888D5}.Release|Any CPU.Build.0 = Release|Any CPU
	EndGlobalSection
EndGlobal
