
Microsoft Visual Studio Solution File, Format Version 12.00
Project("{FAE04EC0-301F-11D3-BF4B-00C04F79EFBC}") = "Microservices.NetCore.ShoppingCart", "Microservices.NetCore.ShoppingCart\Microservices.NetCore.ShoppingCart.csproj", "{8CC79092-490E-4E0F-A299-3CCC9624D4CB}"
EndProject
Project("{FAE04EC0-301F-11D3-BF4B-00C04F79EFBC}") = "Microservices.NetCore._Shared", "Microservices.NetCore._Shared\Microservices.NetCore._Shared.csproj", "{AA92AE06-88C6-48DF-B3F4-4738C8D5C1DC}"
EndProject
Project("{FAE04EC0-301F-11D3-BF4B-00C04F79EFBC}") = "Microservices.NetCore.LoyaltyProgram.EventConsumer", "Microservices.NetCore.LoyaltyProgram.EventConsumer\Microservices.NetCore.LoyaltyProgram.EventConsumer.csproj", "{1D1798A5-B174-4B4E-BFBB-622E1267825F}"
EndProject
Project("{FAE04EC0-301F-11D3-BF4B-00C04F79EFBC}") = "Microservices.NetCore.LoyaltyProgram.ApiGatewayMock", "Microservices.NetCore.LoyaltyProgram.ApiGatewayMock\Microservices.NetCore.LoyaltyProgram.ApiGatewayMock.csproj", "{A38472DA-A591-4A2B-98EF-EEDB855F5C1C}"
EndProject
Project("{FAE04EC0-301F-11D3-BF4B-00C04F79EFBC}") = "Microservices.NetCore.ShoppingCart.ProductCatalogue", "Microservices.NetCore.ShoppingCart.ProductCatalogue\Microservices.NetCore.ShoppingCart.ProductCatalogue.csproj", "{8682D822-6D9C-4DD1-9E37-9330A4428A95}"
EndProject
Project("{FAE04EC0-301F-11D3-BF4B-00C04F79EFBC}") = "Microservices.NetCore.LoyaltyProgram", "Microservices.NetCore.LoyaltyProgram\Microservices.NetCore.LoyaltyProgram.csproj", "{596D6548-4D3A-449D-9ECA-EEA3B79D739B}"
EndProject
Project("{FAE04EC0-301F-11D3-BF4B-00C04F79EFBC}") = "Microservices.NetCore._Shared.Tests", "Microservices.NetCore._Shared.Tests\Microservices.NetCore._Shared.Tests.csproj", "{2C016822-8D47-4AA2-9854-1C1A41751CCA}"
EndProject
Project("{FAE04EC0-301F-11D3-BF4B-00C04F79EFBC}") = "Microservices.NetCore.Tests.Utilities", "Microservices.NetCore.Tests.Utilities\Microservices.NetCore.Tests.Utilities.csproj", "{9D49DDC5-FA4F-4ABD-B9C3-1CB0BBC65DFE}"
EndProject
Project("{FAE04EC0-301F-11D3-BF4B-00C04F79EFBC}") = "Microservices.NetCore.Tests.Utilities.Scripts", "Microservices.NetCore.Tests.Utilities.Scripts\Microservices.NetCore.Tests.Utilities.Scripts.csproj", "{7FCA1A8B-7D3C-472E-8371-7A753F10C439}"
EndProject
Project("{FAE04EC0-301F-11D3-BF4B-00C04F79EFBC}") = "Microservices.NetCore._Shared.Tests.Fakes", "Microservices.NetCore._Shared.Tests.Fakes\Microservices.NetCore._Shared.Tests.Fakes.csproj", "{A1AB4E01-D15B-4012-B1BA-5237282BA905}"
EndProject
Project("{FAE04EC0-301F-11D3-BF4B-00C04F79EFBC}") = "Microservices.NetCore.LoyaltyProgram.Tests", "Microservices.NetCore.LoyaltyProgram.Tests\Microservices.NetCore.LoyaltyProgram.Tests.csproj", "{0C3C0FB5-991D-4697-B429-8D27551940DF}"
EndProject
Project("{FAE04EC0-301F-11D3-BF4B-00C04F79EFBC}") = "Microservices.NetCore.ShoppingCart.ProductCatalogue.Tests", "Microservices.NetCore.ShoppingCart.ProductCatalogue.Tests\Microservices.NetCore.ShoppingCart.ProductCatalogue.Tests.csproj", "{24D5D5E5-22E7-4222-A8D4-3878A9DEE219}"
EndProject
Global
	GlobalSection(SolutionConfigurationPlatforms) = preSolution
		Debug|Any CPU = Debug|Any CPU
		Release|Any CPU = Release|Any CPU
	EndGlobalSection
	GlobalSection(ProjectConfigurationPlatforms) = postSolution
		{8CC79092-490E-4E0F-A299-3CCC9624D4CB}.Debug|Any CPU.ActiveCfg = Debug|Any CPU
		{8CC79092-490E-4E0F-A299-3CCC9624D4CB}.Debug|Any CPU.Build.0 = Debug|Any CPU
		{8CC79092-490E-4E0F-A299-3CCC9624D4CB}.Release|Any CPU.ActiveCfg = Release|Any CPU
		{8CC79092-490E-4E0F-A299-3CCC9624D4CB}.Release|Any CPU.Build.0 = Release|Any CPU
		{AA92AE06-88C6-48DF-B3F4-4738C8D5C1DC}.Debug|Any CPU.ActiveCfg = Debug|Any CPU
		{AA92AE06-88C6-48DF-B3F4-4738C8D5C1DC}.Debug|Any CPU.Build.0 = Debug|Any CPU
		{AA92AE06-88C6-48DF-B3F4-4738C8D5C1DC}.Release|Any CPU.ActiveCfg = Release|Any CPU
		{AA92AE06-88C6-48DF-B3F4-4738C8D5C1DC}.Release|Any CPU.Build.0 = Release|Any CPU
		{1D1798A5-B174-4B4E-BFBB-622E1267825F}.Debug|Any CPU.ActiveCfg = Debug|Any CPU
		{1D1798A5-B174-4B4E-BFBB-622E1267825F}.Debug|Any CPU.Build.0 = Debug|Any CPU
		{1D1798A5-B174-4B4E-BFBB-622E1267825F}.Release|Any CPU.ActiveCfg = Release|Any CPU
		{1D1798A5-B174-4B4E-BFBB-622E1267825F}.Release|Any CPU.Build.0 = Release|Any CPU
		{A38472DA-A591-4A2B-98EF-EEDB855F5C1C}.Debug|Any CPU.ActiveCfg = Debug|Any CPU
		{A38472DA-A591-4A2B-98EF-EEDB855F5C1C}.Debug|Any CPU.Build.0 = Debug|Any CPU
		{A38472DA-A591-4A2B-98EF-EEDB855F5C1C}.Release|Any CPU.ActiveCfg = Release|Any CPU
		{A38472DA-A591-4A2B-98EF-EEDB855F5C1C}.Release|Any CPU.Build.0 = Release|Any CPU
		{8682D822-6D9C-4DD1-9E37-9330A4428A95}.Debug|Any CPU.ActiveCfg = Debug|Any CPU
		{8682D822-6D9C-4DD1-9E37-9330A4428A95}.Debug|Any CPU.Build.0 = Debug|Any CPU
		{8682D822-6D9C-4DD1-9E37-9330A4428A95}.Release|Any CPU.ActiveCfg = Release|Any CPU
		{8682D822-6D9C-4DD1-9E37-9330A4428A95}.Release|Any CPU.Build.0 = Release|Any CPU
		{596D6548-4D3A-449D-9ECA-EEA3B79D739B}.Debug|Any CPU.ActiveCfg = Debug|Any CPU
		{596D6548-4D3A-449D-9ECA-EEA3B79D739B}.Debug|Any CPU.Build.0 = Debug|Any CPU
		{596D6548-4D3A-449D-9ECA-EEA3B79D739B}.Release|Any CPU.ActiveCfg = Release|Any CPU
		{596D6548-4D3A-449D-9ECA-EEA3B79D739B}.Release|Any CPU.Build.0 = Release|Any CPU
		{2C016822-8D47-4AA2-9854-1C1A41751CCA}.Debug|Any CPU.ActiveCfg = Debug|Any CPU
		{2C016822-8D47-4AA2-9854-1C1A41751CCA}.Debug|Any CPU.Build.0 = Debug|Any CPU
		{2C016822-8D47-4AA2-9854-1C1A41751CCA}.Release|Any CPU.ActiveCfg = Release|Any CPU
		{2C016822-8D47-4AA2-9854-1C1A41751CCA}.Release|Any CPU.Build.0 = Release|Any CPU
		{9D49DDC5-FA4F-4ABD-B9C3-1CB0BBC65DFE}.Debug|Any CPU.ActiveCfg = Debug|Any CPU
		{9D49DDC5-FA4F-4ABD-B9C3-1CB0BBC65DFE}.Debug|Any CPU.Build.0 = Debug|Any CPU
		{9D49DDC5-FA4F-4ABD-B9C3-1CB0BBC65DFE}.Release|Any CPU.ActiveCfg = Release|Any CPU
		{9D49DDC5-FA4F-4ABD-B9C3-1CB0BBC65DFE}.Release|Any CPU.Build.0 = Release|Any CPU
		{7FCA1A8B-7D3C-472E-8371-7A753F10C439}.Debug|Any CPU.ActiveCfg = Debug|Any CPU
		{7FCA1A8B-7D3C-472E-8371-7A753F10C439}.Debug|Any CPU.Build.0 = Debug|Any CPU
		{7FCA1A8B-7D3C-472E-8371-7A753F10C439}.Release|Any CPU.ActiveCfg = Release|Any CPU
		{7FCA1A8B-7D3C-472E-8371-7A753F10C439}.Release|Any CPU.Build.0 = Release|Any CPU
		{A1AB4E01-D15B-4012-B1BA-5237282BA905}.Debug|Any CPU.ActiveCfg = Debug|Any CPU
		{A1AB4E01-D15B-4012-B1BA-5237282BA905}.Debug|Any CPU.Build.0 = Debug|Any CPU
		{A1AB4E01-D15B-4012-B1BA-5237282BA905}.Release|Any CPU.ActiveCfg = Release|Any CPU
		{A1AB4E01-D15B-4012-B1BA-5237282BA905}.Release|Any CPU.Build.0 = Release|Any CPU
		{0C3C0FB5-991D-4697-B429-8D27551940DF}.Debug|Any CPU.ActiveCfg = Debug|Any CPU
		{0C3C0FB5-991D-4697-B429-8D27551940DF}.Debug|Any CPU.Build.0 = Debug|Any CPU
		{0C3C0FB5-991D-4697-B429-8D27551940DF}.Release|Any CPU.ActiveCfg = Release|Any CPU
		{0C3C0FB5-991D-4697-B429-8D27551940DF}.Release|Any CPU.Build.0 = Release|Any CPU
		{24D5D5E5-22E7-4222-A8D4-3878A9DEE219}.Debug|Any CPU.ActiveCfg = Debug|Any CPU
		{24D5D5E5-22E7-4222-A8D4-3878A9DEE219}.Debug|Any CPU.Build.0 = Debug|Any CPU
		{24D5D5E5-22E7-4222-A8D4-3878A9DEE219}.Release|Any CPU.ActiveCfg = Release|Any CPU
		{24D5D5E5-22E7-4222-A8D4-3878A9DEE219}.Release|Any CPU.Build.0 = Release|Any CPU
	EndGlobalSection
EndGlobal
